{
  "requires": true,
  "lockfileVersion": 1,
  "dependencies": {
    "validator": {
      "version": "10.3.0",
      "resolved": "https://registry.npmjs.org/validator/-/validator-10.3.0.tgz",
      "integrity": "sha512-bn7dcJcdkpSjcujYlf8lrY9VL660h5njEkFzQzQOFMQgJ3Id1C4+MkazHKgHE45NoGsyQYEPmo4dCIbDQ7eTdw=="
    }
  }
}
